
Microsoft Visual Studio Solution File, Format Version 12.00
# Visual Studio Version 17
VisualStudioVersion = 17.9.34728.123
MinimumVisualStudioVersion = 10.0.40219.1
Project("{9A19103F-16F7-4668-BE54-9A1E7A4F7556}") = "PresentationLayer", "PresentationLayer\PresentationLayer.csproj", "{59E1F587-F6E8-45DE-B454-B7BD5E478F8E}"
EndProject
Project("{9A19103F-16F7-4668-BE54-9A1E7A4F7556}") = "DataStorageLayer", "DataStorageLayer\DataStorageLayer.csproj", "{B9EDEA6D-18AA-4469-953F-4FF327149F17}"
EndProject
Project("{FAE04EC0-301F-11D3-BF4B-00C04F79EFBC}") = "BusinessLogicLayer", "BusinessLogicLayer\BusinessLogicLayer.csproj", "{E802A91A-FE46-4E01-A224-3ED1B06DF90E}"
EndProject
Global
	GlobalSection(SolutionConfigurationPlatforms) = preSolution
		Debug|Any CPU = Debug|Any CPU
		Release|Any CPU = Release|Any CPU
	EndGlobalSection
	GlobalSection(ProjectConfigurationPlatforms) = postSolution
		{59E1F587-F6E8-45DE-B454-B7BD5E478F8E}.Debug|Any CPU.ActiveCfg = Debug|Any CPU
		{59E1F587-F6E8-45DE-B454-B7BD5E478F8E}.Debug|Any CPU.Build.0 = Debug|Any CPU
		{59E1F587-F6E8-45DE-B454-B7BD5E478F8E}.Release|Any CPU.ActiveCfg = Release|Any CPU
		{59E1F587-F6E8-45DE-B454-B7BD5E478F8E}.Release|Any CPU.Build.0 = Release|Any CPU
		{B9EDEA6D-18AA-4469-953F-4FF327149F17}.Debug|Any CPU.ActiveCfg = Debug|Any CPU
		{B9EDEA6D-18AA-4469-953F-4FF327149F17}.Debug|Any CPU.Build.0 = Debug|Any CPU
		{B9EDEA6D-18AA-4469-953F-4FF327149F17}.Release|Any CPU.ActiveCfg = Release|Any CPU
		{B9EDEA6D-18AA-4469-953F-4FF327149F17}.Release|Any CPU.Build.0 = Release|Any CPU
		{E802A91A-FE46-4E01-A224-3ED1B06DF90E}.Debug|Any CPU.ActiveCfg = Debug|Any CPU
		{E802A91A-FE46-4E01-A224-3ED1B06DF90E}.Debug|Any CPU.Build.0 = Debug|Any CPU
		{E802A91A-FE46-4E01-A224-3ED1B06DF90E}.Release|Any CPU.ActiveCfg = Release|Any CPU
		{E802A91A-FE46-4E01-A224-3ED1B06DF90E}.Release|Any CPU.Build.0 = Release|Any CPU
	EndGlobalSection
	GlobalSection(SolutionProperties) = preSolution
		HideSolutionNode = FALSE
	EndGlobalSection
	GlobalSection(ExtensibilityGlobals) = postSolution
		SolutionGuid = {9D1C246B-9E82-4C67-8965-BFD2319B7E98}
	EndGlobalSection
EndGlobal
